
Microsoft Visual Studio Solution File, Format Version 12.00
# Visual Studio Version 17
VisualStudioVersion = 17.0.31912.275
MinimumVisualStudioVersion = 10.0.40219.1
Project("{2150E333-8FDC-42A3-9474-1A3956D46DE8}") = "Core", "Core", "{0B9C81FD-4902-4B52-BB26-428208BCC633}"
EndProject
Project("{2150E333-8FDC-42A3-9474-1A3956D46DE8}") = "Externals", "Externals", "{2B041ACD-B020-4BA0-B180-A0D137C8D5D6}"
EndProject
Project("{2150E333-8FDC-42A3-9474-1A3956D46DE8}") = "Tests", "Tests", "{9F496676-544E-4165-AD85-51509C3A87FC}"
EndProject
Project("{9A19103F-16F7-4668-BE54-9A1E7A4F7556}") = "EM.Carts.Application", "src\EM.Carts.Application\EM.Carts.Application.csproj", "{233924E3-100E-49E7-AD5E-BD7FA77C9BCC}"
EndProject
Project("{9A19103F-16F7-4668-BE54-9A1E7A4F7556}") = "EM.Carts.Domain", "src\EM.Carts.Domain\EM.Carts.Domain.csproj", "{7EE00A7C-1EEF-4E6B-8AB4-728FEA4A970C}"
EndProject
Project("{9A19103F-16F7-4668-BE54-9A1E7A4F7556}") = "EM.Carts.Infraestructure", "src\EM.Carts.Infraestructure\EM.Carts.Infraestructure.csproj", "{959F7477-9879-42E7-83B9-C27CD5C1BB71}"
EndProject
Project("{9A19103F-16F7-4668-BE54-9A1E7A4F7556}") = "EM.Carts.API", "src\EM.Carts.API\EM.Carts.API.csproj", "{7992D51F-1C6C-41BD-8A55-EE4E84F2C46D}"
EndProject
Project("{2150E333-8FDC-42A3-9474-1A3956D46DE8}") = "Unit", "Unit", "{F0F5D139-6FC7-4491-A304-E4C3B61BC8E2}"
EndProject
Project("{9A19103F-16F7-4668-BE54-9A1E7A4F7556}") = "EM.Carts.UnitTests", "tests\EM.Carts.UnitTests\EM.Carts.UnitTests.csproj", "{F4551BF2-CAF4-4CFA-A204-879ADBA3544A}"
EndProject
Global
	GlobalSection(SolutionConfigurationPlatforms) = preSolution
		Debug|Any CPU = Debug|Any CPU
		Release|Any CPU = Release|Any CPU
	EndGlobalSection
	GlobalSection(ProjectConfigurationPlatforms) = postSolution
		{233924E3-100E-49E7-AD5E-BD7FA77C9BCC}.Debug|Any CPU.ActiveCfg = Debug|Any CPU
		{233924E3-100E-49E7-AD5E-BD7FA77C9BCC}.Debug|Any CPU.Build.0 = Debug|Any CPU
		{233924E3-100E-49E7-AD5E-BD7FA77C9BCC}.Release|Any CPU.ActiveCfg = Release|Any CPU
		{233924E3-100E-49E7-AD5E-BD7FA77C9BCC}.Release|Any CPU.Build.0 = Release|Any CPU
		{7EE00A7C-1EEF-4E6B-8AB4-728FEA4A970C}.Debug|Any CPU.ActiveCfg = Debug|Any CPU
		{7EE00A7C-1EEF-4E6B-8AB4-728FEA4A970C}.Debug|Any CPU.Build.0 = Debug|Any CPU
		{7EE00A7C-1EEF-4E6B-8AB4-728FEA4A970C}.Release|Any CPU.ActiveCfg = Release|Any CPU
		{7EE00A7C-1EEF-4E6B-8AB4-728FEA4A970C}.Release|Any CPU.Build.0 = Release|Any CPU
		{959F7477-9879-42E7-83B9-C27CD5C1BB71}.Debug|Any CPU.ActiveCfg = Debug|Any CPU
		{959F7477-9879-42E7-83B9-C27CD5C1BB71}.Debug|Any CPU.Build.0 = Debug|Any CPU
		{959F7477-9879-42E7-83B9-C27CD5C1BB71}.Release|Any CPU.ActiveCfg = Release|Any CPU
		{959F7477-9879-42E7-83B9-C27CD5C1BB71}.Release|Any CPU.Build.0 = Release|Any CPU
		{7992D51F-1C6C-41BD-8A55-EE4E84F2C46D}.Debug|Any CPU.ActiveCfg = Debug|Any CPU
		{7992D51F-1C6C-41BD-8A55-EE4E84F2C46D}.Debug|Any CPU.Build.0 = Debug|Any CPU
		{7992D51F-1C6C-41BD-8A55-EE4E84F2C46D}.Release|Any CPU.ActiveCfg = Release|Any CPU
		{7992D51F-1C6C-41BD-8A55-EE4E84F2C46D}.Release|Any CPU.Build.0 = Release|Any CPU
		{F4551BF2-CAF4-4CFA-A204-879ADBA3544A}.Debug|Any CPU.ActiveCfg = Debug|Any CPU
		{F4551BF2-CAF4-4CFA-A204-879ADBA3544A}.Debug|Any CPU.Build.0 = Debug|Any CPU
		{F4551BF2-CAF4-4CFA-A204-879ADBA3544A}.Release|Any CPU.ActiveCfg = Release|Any CPU
		{F4551BF2-CAF4-4CFA-A204-879ADBA3544A}.Release|Any CPU.Build.0 = Release|Any CPU
	EndGlobalSection
	GlobalSection(SolutionProperties) = preSolution
		HideSolutionNode = FALSE
	EndGlobalSection
	GlobalSection(NestedProjects) = preSolution
		{233924E3-100E-49E7-AD5E-BD7FA77C9BCC} = {0B9C81FD-4902-4B52-BB26-428208BCC633}
		{7EE00A7C-1EEF-4E6B-8AB4-728FEA4A970C} = {0B9C81FD-4902-4B52-BB26-428208BCC633}
		{959F7477-9879-42E7-83B9-C27CD5C1BB71} = {2B041ACD-B020-4BA0-B180-A0D137C8D5D6}
		{7992D51F-1C6C-41BD-8A55-EE4E84F2C46D} = {2B041ACD-B020-4BA0-B180-A0D137C8D5D6}
		{F0F5D139-6FC7-4491-A304-E4C3B61BC8E2} = {9F496676-544E-4165-AD85-51509C3A87FC}
		{F4551BF2-CAF4-4CFA-A204-879ADBA3544A} = {F0F5D139-6FC7-4491-A304-E4C3B61BC8E2}
	EndGlobalSection
	GlobalSection(ExtensibilityGlobals) = postSolution
		SolutionGuid = {C73D63F0-C568-4438-83A0-4C1F9EB3915B}
	EndGlobalSection
EndGlobal
