
Microsoft Visual Studio Solution File, Format Version 12.00
# Visual Studio Version 17
VisualStudioVersion = 17.4.33103.184
MinimumVisualStudioVersion = 10.0.40219.1
Project("{2150E333-8FDC-42A3-9474-1A3956D46DE8}") = "Core", "Core", "{E55C73AA-67FE-4799-B7A2-F1810D601308}"
EndProject
Project("{2150E333-8FDC-42A3-9474-1A3956D46DE8}") = "Externals", "Externals", "{D8F7963B-C4A4-4429-9792-8015E587F400}"
EndProject
Project("{9A19103F-16F7-4668-BE54-9A1E7A4F7556}") = "EM.Catalog.Domain", "src\EM.Catalog.Domain\EM.Catalog.Domain.csproj", "{917DAE9A-3973-4914-AA5D-8CE1A214D2AE}"
EndProject
Project("{2150E333-8FDC-42A3-9474-1A3956D46DE8}") = "Tests", "Tests", "{3A8686C2-E0EF-4FC3-935E-4162F2F70887}"
EndProject
Project("{2150E333-8FDC-42A3-9474-1A3956D46DE8}") = "Unit", "Unit", "{16137984-A3F4-41C4-A7FD-48F5524B3D30}"
EndProject
Project("{9A19103F-16F7-4668-BE54-9A1E7A4F7556}") = "EM.Catalog.UnitTests", "tests\EM.Catalog.UnitTests\EM.Catalog.UnitTests.csproj", "{DD60D400-413B-4240-805D-752387106164}"
EndProject
Project("{9A19103F-16F7-4668-BE54-9A1E7A4F7556}") = "EM.Catalog.Application", "src\EM.Catalog.Application\EM.Catalog.Application.csproj", "{412A1221-64B5-425A-99D5-5C5C654CD5BF}"
EndProject
Project("{9A19103F-16F7-4668-BE54-9A1E7A4F7556}") = "EM.Catalog.API", "src\EM.Catalog.API\EM.Catalog.API.csproj", "{D374EA78-18C8-43B9-920C-B60D1F63ADBB}"
EndProject
Project("{9A19103F-16F7-4668-BE54-9A1E7A4F7556}") = "EM.Catalog.Infraestructure", "src\EM.Catalog.Infraestructure\EM.Catalog.Infraestructure.csproj", "{E9D625CA-FA2B-436A-9FD4-68B8E66DD850}"
EndProject
Project("{2150E333-8FDC-42A3-9474-1A3956D46DE8}") = "Integration", "Integration", "{2EE53777-DE0B-40CA-8B3D-250D59C2A729}"
EndProject
Project("{9A19103F-16F7-4668-BE54-9A1E7A4F7556}") = "EM.Catalog.IntegrationTests", "tests\EM.Catalog.IntegrationTests\EM.Catalog.IntegrationTests.csproj", "{5FFC1785-1634-4181-9818-CD8E0BAE2510}"
EndProject
Global
	GlobalSection(SolutionConfigurationPlatforms) = preSolution
		Debug|Any CPU = Debug|Any CPU
		Release|Any CPU = Release|Any CPU
	EndGlobalSection
	GlobalSection(ProjectConfigurationPlatforms) = postSolution
		{917DAE9A-3973-4914-AA5D-8CE1A214D2AE}.Debug|Any CPU.ActiveCfg = Debug|Any CPU
		{917DAE9A-3973-4914-AA5D-8CE1A214D2AE}.Debug|Any CPU.Build.0 = Debug|Any CPU
		{917DAE9A-3973-4914-AA5D-8CE1A214D2AE}.Release|Any CPU.ActiveCfg = Release|Any CPU
		{917DAE9A-3973-4914-AA5D-8CE1A214D2AE}.Release|Any CPU.Build.0 = Release|Any CPU
		{DD60D400-413B-4240-805D-752387106164}.Debug|Any CPU.ActiveCfg = Debug|Any CPU
		{DD60D400-413B-4240-805D-752387106164}.Debug|Any CPU.Build.0 = Debug|Any CPU
		{DD60D400-413B-4240-805D-752387106164}.Release|Any CPU.ActiveCfg = Release|Any CPU
		{DD60D400-413B-4240-805D-752387106164}.Release|Any CPU.Build.0 = Release|Any CPU
		{412A1221-64B5-425A-99D5-5C5C654CD5BF}.Debug|Any CPU.ActiveCfg = Debug|Any CPU
		{412A1221-64B5-425A-99D5-5C5C654CD5BF}.Debug|Any CPU.Build.0 = Debug|Any CPU
		{412A1221-64B5-425A-99D5-5C5C654CD5BF}.Release|Any CPU.ActiveCfg = Release|Any CPU
		{412A1221-64B5-425A-99D5-5C5C654CD5BF}.Release|Any CPU.Build.0 = Release|Any CPU
		{D374EA78-18C8-43B9-920C-B60D1F63ADBB}.Debug|Any CPU.ActiveCfg = Debug|Any CPU
		{D374EA78-18C8-43B9-920C-B60D1F63ADBB}.Debug|Any CPU.Build.0 = Debug|Any CPU
		{D374EA78-18C8-43B9-920C-B60D1F63ADBB}.Release|Any CPU.ActiveCfg = Release|Any CPU
		{D374EA78-18C8-43B9-920C-B60D1F63ADBB}.Release|Any CPU.Build.0 = Release|Any CPU
		{E9D625CA-FA2B-436A-9FD4-68B8E66DD850}.Debug|Any CPU.ActiveCfg = Debug|Any CPU
		{E9D625CA-FA2B-436A-9FD4-68B8E66DD850}.Debug|Any CPU.Build.0 = Debug|Any CPU
		{E9D625CA-FA2B-436A-9FD4-68B8E66DD850}.Release|Any CPU.ActiveCfg = Release|Any CPU
		{E9D625CA-FA2B-436A-9FD4-68B8E66DD850}.Release|Any CPU.Build.0 = Release|Any CPU
		{5FFC1785-1634-4181-9818-CD8E0BAE2510}.Debug|Any CPU.ActiveCfg = Debug|Any CPU
		{5FFC1785-1634-4181-9818-CD8E0BAE2510}.Debug|Any CPU.Build.0 = Debug|Any CPU
		{5FFC1785-1634-4181-9818-CD8E0BAE2510}.Release|Any CPU.ActiveCfg = Release|Any CPU
		{5FFC1785-1634-4181-9818-CD8E0BAE2510}.Release|Any CPU.Build.0 = Release|Any CPU
	EndGlobalSection
	GlobalSection(SolutionProperties) = preSolution
		HideSolutionNode = FALSE
	EndGlobalSection
	GlobalSection(NestedProjects) = preSolution
		{917DAE9A-3973-4914-AA5D-8CE1A214D2AE} = {E55C73AA-67FE-4799-B7A2-F1810D601308}
		{16137984-A3F4-41C4-A7FD-48F5524B3D30} = {3A8686C2-E0EF-4FC3-935E-4162F2F70887}
		{DD60D400-413B-4240-805D-752387106164} = {16137984-A3F4-41C4-A7FD-48F5524B3D30}
		{412A1221-64B5-425A-99D5-5C5C654CD5BF} = {E55C73AA-67FE-4799-B7A2-F1810D601308}
		{D374EA78-18C8-43B9-920C-B60D1F63ADBB} = {D8F7963B-C4A4-4429-9792-8015E587F400}
		{E9D625CA-FA2B-436A-9FD4-68B8E66DD850} = {D8F7963B-C4A4-4429-9792-8015E587F400}
		{2EE53777-DE0B-40CA-8B3D-250D59C2A729} = {3A8686C2-E0EF-4FC3-935E-4162F2F70887}
		{5FFC1785-1634-4181-9818-CD8E0BAE2510} = {2EE53777-DE0B-40CA-8B3D-250D59C2A729}
	EndGlobalSection
	GlobalSection(ExtensibilityGlobals) = postSolution
		SolutionGuid = {37590B6E-24B4-43F8-953B-8D8694465DC1}
	EndGlobalSection
EndGlobal
